
Microsoft Visual Studio Solution File, Format Version 12.00
# Visual Studio 15
Project("{FAE04EC0-301F-11D3-BF4B-00C04F79EFBC}") = "GithubEmojis", "GithubEmojis\GithubEmojis.csproj", "{350808FB-CE97-4519-976D-1A5602AF9B85}"
EndProject
Project("{2150E333-8FDC-42A3-9474-1A3956D46DE8}") = "Solution Items", "Solution Items", "{5A771C67-BF78-4535-8105-5D522DE72B03}"
	ProjectSection(SolutionItems) = preProject
		.gitignore = .gitignore
	EndProjectSection
EndProject
Global
	GlobalSection(SolutionConfigurationPlatforms) = preSolution
		Debug|Any CPU = Debug|Any CPU
		Release|Any CPU = Release|Any CPU
	EndGlobalSection
	GlobalSection(ProjectConfigurationPlatforms) = postSolution
		{350808FB-CE97-4519-976D-1A5602AF9B85}.Debug|Any CPU.ActiveCfg = Debug|Any CPU
		{350808FB-CE97-4519-976D-1A5602AF9B85}.Debug|Any CPU.Build.0 = Debug|Any CPU
		{350808FB-CE97-4519-976D-1A5602AF9B85}.Release|Any CPU.ActiveCfg = Release|Any CPU
		{350808FB-CE97-4519-976D-1A5602AF9B85}.Release|Any CPU.Build.0 = Release|Any CPU
	EndGlobalSection
EndGlobal
